
Microsoft Visual Studio Solution File, Format Version 12.00
# Visual Studio Version 17
VisualStudioVersion = 17.8.34330.188
MinimumVisualStudioVersion = 10.0.40219.1
Project("{FAE04EC0-301F-11D3-BF4B-00C04F79EFBC}") = "IdentityService", "IdentityService\IdentityService.csproj", "{3C4158A2-30EA-4C69-8973-A15ADF1DE89D}"
EndProject
Global
	GlobalSection(SolutionConfigurationPlatforms) = preSolution
		Debug|Any CPU = Debug|Any CPU
		Release|Any CPU = Release|Any CPU
	EndGlobalSection
	GlobalSection(ProjectConfigurationPlatforms) = postSolution
		{3C4158A2-30EA-4C69-8973-A15ADF1DE89D}.Debug|Any CPU.ActiveCfg = Debug|Any CPU
		{3C4158A2-30EA-4C69-8973-A15ADF1DE89D}.Debug|Any CPU.Build.0 = Debug|Any CPU
		{3C4158A2-30EA-4C69-8973-A15ADF1DE89D}.Release|Any CPU.ActiveCfg = Release|Any CPU
		{3C4158A2-30EA-4C69-8973-A15ADF1DE89D}.Release|Any CPU.Build.0 = Release|Any CPU
	EndGlobalSection
	GlobalSection(SolutionProperties) = preSolution
		HideSolutionNode = FALSE
	EndGlobalSection
	GlobalSection(ExtensibilityGlobals) = postSolution
		SolutionGuid = {32CA60EB-B887-4ACF-B952-F47B94694A74}
	EndGlobalSection
EndGlobal
